<Solution>
  <Project Path="UniTask.csproj" />
  <Project Path="LeanCommon.csproj" />
  <Project Path="UniTask.Linq.csproj" />
  <Project Path="UniTask.Addressables.csproj" />
  <Project Path="LeanTouch.csproj" />
  <Project Path="PrimeTween.Demo.csproj" />
  <Project Path="Assembly-CSharp.csproj" />
  <Project Path="CW.Common.csproj" />
  <Project Path="UniTask.TextMeshPro.csproj" />
  <Project Path="UniTask.Editor.csproj" />
  <Project Path="Sirenix.OdinInspector.Modules.UnityMathematics.csproj" />
  <Project Path="PrimeTween.Debug.csproj" />
  <Project Path="Assembly-CSharp-Editor.csproj" />
  <Project Path="UniTask.DOTween.csproj" />
  <Project Path="PrimeTween.Installer.csproj" />
</Solution>
